// !$*UTF8*$!
{
	archiveVersion = 1;
	classes = {
	};
	objectVersion = 55;
	objects = {

/* Begin PBXBuildFile section */
		BD3516BB28983FE100E70BAC /* AppDelegate.swift in Sources */ = {isa = PBXBuildFile; fileRef = BD3516BA28983FE100E70BAC /* AppDelegate.swift */; };
		BD3516BD28983FE100E70BAC /* SceneDelegate.swift in Sources */ = {isa = PBXBuildFile; fileRef = BD3516BC28983FE100E70BAC /* SceneDelegate.swift */; };
		BD3516BF28983FE100E70BAC /* ViewController.swift in Sources */ = {isa = PBXBuildFile; fileRef = BD3516BE28983FE100E70BAC /* ViewController.swift */; };
		BD3516C228983FE100E70BAC /* Main.storyboard in Resources */ = {isa = PBXBuildFile; fileRef = BD3516C028983FE100E70BAC /* Main.storyboard */; };
		BD3516C428983FE500E70BAC /* Assets.xcassets in Resources */ = {isa = PBXBuildFile; fileRef = BD3516C328983FE500E70BAC /* Assets.xcassets */; };
		BD3516C728983FE500E70BAC /* LaunchScreen.storyboard in Resources */ = {isa = PBXBuildFile; fileRef = BD3516C528983FE500E70BAC /* LaunchScreen.storyboard */; };
		BD3516D228983FE500E70BAC /* segueTests.swift in Sources */ = {isa = PBXBuildFile; fileRef = BD3516D128983FE500E70BAC /* segueTests.swift */; };
		BD3516DC28983FE500E70BAC /* segueUITests.swift in Sources */ = {isa = PBXBuildFile; fileRef = BD3516DB28983FE500E70BAC /* segueUITests.swift */; };
		BD3516DE28983FE500E70BAC /* segueUITestsLaunchTests.swift in Sources */ = {isa = PBXBuildFile; fileRef = BD3516DD28983FE500E70BAC /* segueUITestsLaunchTests.swift */; };
		BDAD5A6F28989295009F7F23 /* SecondViewController.swift in Sources */ = {isa = PBXBuildFile; fileRef = BDAD5A6E28989295009F7F23 /* SecondViewController.swift */; };
		BDAD5A7128989443009F7F23 /* 3rdViewController.swift in Sources */ = {isa = PBXBuildFile; fileRef = BDAD5A7028989443009F7F23 /* 3rdViewController.swift */; };
		BDAD5A732898979B009F7F23 /* correctFile.swift in Sources */ = {isa = PBXBuildFile; fileRef = BDAD5A722898979B009F7F23 /* correctFile.swift */; };
/* End PBXBuildFile section */

/* Begin PBXContainerItemProxy section */
		BD3516CE28983FE500E70BAC /* PBXContainerItemProxy */ = {
			isa = PBXContainerItemProxy;
			containerPortal = BD3516AF28983FE100E70BAC /* Project object */;
			proxyType = 1;
			remoteGlobalIDString = BD3516B628983FE100E70BAC;
			remoteInfo = segue;
		};
		BD3516D828983FE500E70BAC /* PBXContainerItemProxy */ = {
			isa = PBXContainerItemProxy;
			containerPortal = BD3516AF28983FE100E70BAC /* Project object */;
			proxyType = 1;
			remoteGlobalIDString = BD3516B628983FE100E70BAC;
			remoteInfo = segue;
		};
/* End PBXContainerItemProxy section */

/* Begin PBXFileReference section */
		BD3516B728983FE100E70BAC /* segue.app */ = {isa = PBXFileReference; explicitFileType = wrapper.application; includeInIndex = 0; path = segue.app; sourceTree = BUILT_PRODUCTS_DIR; };
		BD3516BA28983FE100E70BAC /* AppDelegate.swift */ = {isa = PBXFileReference; lastKnownFileType = sourcecode.swift; path = AppDelegate.swift; sourceTree = "<group>"; };
		BD3516BC28983FE100E70BAC /* SceneDelegate.swift */ = {isa = PBXFileReference; lastKnownFileType = sourcecode.swift; path = SceneDelegate.swift; sourceTree = "<group>"; };
		BD3516BE28983FE100E70BAC /* ViewController.swift */ = {isa = PBXFileReference; lastKnownFileType = sourcecode.swift; path = ViewController.swift; sourceTree = "<group>"; };
		BD3516C128983FE100E70BAC /* Base */ = {isa = PBXFileReference; lastKnownFileType = file.storyboard; name = Base; path = Base.lproj/Main.storyboard; sourceTree = "<group>"; };
		BD3516C328983FE500E70BAC /* Assets.xcassets */ = {isa = PBXFileReference; lastKnownFileType = folder.assetcatalog; path = Assets.xcassets; sourceTree = "<group>"; };
		BD3516C628983FE500E70BAC /* Base */ = {isa = PBXFileReference; lastKnownFileType = file.storyboard; name = Base; path = Base.lproj/LaunchScreen.storyboard; sourceTree = "<group>"; };
		BD3516C828983FE500E70BAC /* Info.plist */ = {isa = PBXFileReference; lastKnownFileType = text.plist.xml; path = Info.plist; sourceTree = "<group>"; };
		BD3516CD28983FE500E70BAC /* segueTests.xctest */ = {isa = PBXFileReference; explicitFileType = wrapper.cfbundle; includeInIndex = 0; path = segueTests.xctest; sourceTree = BUILT_PRODUCTS_DIR; };
		BD3516D128983FE500E70BAC /* segueTests.swift */ = {isa = PBXFileReference; lastKnownFileType = sourcecode.swift; path = segueTests.swift; sourceTree = "<group>"; };
		BD3516D728983FE500E70BAC /* segueUITests.xctest */ = {isa = PBXFileReference; explicitFileType = wrapper.cfbundle; includeInIndex = 0; path = segueUITests.xctest; sourceTree = BUILT_PRODUCTS_DIR; };
		BD3516DB28983FE500E70BAC /* segueUITests.swift */ = {isa = PBXFileReference; lastKnownFileType = sourcecode.swift; path = segueUITests.swift; sourceTree = "<group>"; };
		BD3516DD28983FE500E70BAC /* segueUITestsLaunchTests.swift */ = {isa = PBXFileReference; lastKnownFileType = sourcecode.swift; path = segueUITestsLaunchTests.swift; sourceTree = "<group>"; };
		BDAD5A6E28989295009F7F23 /* SecondViewController.swift */ = {isa = PBXFileReference; lastKnownFileType = sourcecode.swift; path = SecondViewController.swift; sourceTree = "<group>"; };
		BDAD5A7028989443009F7F23 /* 3rdViewController.swift */ = {isa = PBXFileReference; lastKnownFileType = sourcecode.swift; path = 3rdViewController.swift; sourceTree = "<group>"; };
		BDAD5A722898979B009F7F23 /* correctFile.swift */ = {isa = PBXFileReference; lastKnownFileType = sourcecode.swift; path = correctFile.swift; sourceTree = "<group>"; };
/* End PBXFileReference section */

/* Begin PBXFrameworksBuildPhase section */
		BD3516B428983FE100E70BAC /* Frameworks */ = {
			isa = PBXFrameworksBuildPhase;
			buildActionMask = 2147483647;
			files = (
			);
			runOnlyForDeploymentPostprocessing = 0;
		};
		BD3516CA28983FE500E70BAC /* Frameworks */ = {
			isa = PBXFrameworksBuildPhase;
			buildActionMask = 2147483647;
			files = (
			);
			runOnlyForDeploymentPostprocessing = 0;
		};
		BD3516D428983FE500E70BAC /* Frameworks */ = {
			isa = PBXFrameworksBuildPhase;
			buildActionMask = 2147483647;
			files = (
			);
			runOnlyForDeploymentPostprocessing = 0;
		};
/* End PBXFrameworksBuildPhase section */

/* Begin PBXGroup section */
		BD3516AE28983FE100E70BAC = {
			isa = PBXGroup;
			children = (
				BDAD5A722898979B009F7F23 /* correctFile.swift */,
				BDAD5A7028989443009F7F23 /* 3rdViewController.swift */,
				BD3516B928983FE100E70BAC /* segue */,
				BD3516D028983FE500E70BAC /* segueTests */,
				BD3516DA28983FE500E70BAC /* segueUITests */,
				BD3516B828983FE100E70BAC /* Products */,
			);
			sourceTree = "<group>";
		};
		BD3516B828983FE100E70BAC /* Products */ = {
			isa = PBXGroup;
			children = (
				BD3516B728983FE100E70BAC /* segue.app */,
				BD3516CD28983FE500E70BAC /* segueTests.xctest */,
				BD3516D728983FE500E70BAC /* segueUITests.xctest */,
			);
			name = Products;
			sourceTree = "<group>";
		};
		BD3516B928983FE100E70BAC /* segue */ = {
			isa = PBXGroup;
			children = (
				BD3516BA28983FE100E70BAC /* AppDelegate.swift */,
				BD3516BC28983FE100E70BAC /* SceneDelegate.swift */,
				BD3516BE28983FE100E70BAC /* ViewController.swift */,
				BD3516C028983FE100E70BAC /* Main.storyboard */,
				BDAD5A6E28989295009F7F23 /* SecondViewController.swift */,
				BD3516C328983FE500E70BAC /* Assets.xcassets */,
				BD3516C528983FE500E70BAC /* LaunchScreen.storyboard */,
				BD3516C828983FE500E70BAC /* Info.plist */,
			);
			path = segue;
			sourceTree = "<group>";
		};
		BD3516D028983FE500E70BAC /* segueTests */ = {
			isa = PBXGroup;
			children = (
				BD3516D128983FE500E70BAC /* segueTests.swift */,
			);
			path = segueTests;
			sourceTree = "<group>";
		};
		BD3516DA28983FE500E70BAC /* segueUITests */ = {
			isa = PBXGroup;
			children = (
				BD3516DB28983FE500E70BAC /* segueUITests.swift */,
				BD3516DD28983FE500E70BAC /* segueUITestsLaunchTests.swift */,
			);
			path = segueUITests;
			sourceTree = "<group>";
		};
/* End PBXGroup section */

/* Begin PBXNativeTarget section */
		BD3516B628983FE100E70BAC /* segue */ = {
			isa = PBXNativeTarget;
			buildConfigurationList = BD3516E128983FE500E70BAC /* Build configuration list for PBXNativeTarget "segue" */;
			buildPhases = (
				BD3516B328983FE100E70BAC /* Sources */,
				BD3516B428983FE100E70BAC /* Frameworks */,
				BD3516B528983FE100E70BAC /* Resources */,
			);
			buildRules = (
			);
			dependencies = (
			);
			name = segue;
			productName = segue;
			productReference = BD3516B728983FE100E70BAC /* segue.app */;
			productType = "com.apple.product-type.application";
		};
		BD3516CC28983FE500E70BAC /* segueTests */ = {
			isa = PBXNativeTarget;
			buildConfigurationList = BD3516E428983FE500E70BAC /* Build configuration list for PBXNativeTarget "segueTests" */;
			buildPhases = (
				BD3516C928983FE500E70BAC /* Sources */,
				BD3516CA28983FE500E70BAC /* Frameworks */,
				BD3516CB28983FE500E70BAC /* Resources */,
			);
			buildRules = (
			);
			dependencies = (
				BD3516CF28983FE500E70BAC /* PBXTargetDependency */,
			);
			name = segueTests;
			productName = segueTests;
			productReference = BD3516CD28983FE500E70BAC /* segueTests.xctest */;
			productType = "com.apple.product-type.bundle.unit-test";
		};
		BD3516D628983FE500E70BAC /* segueUITests */ = {
			isa = PBXNativeTarget;
			buildConfigurationList = BD3516E728983FE500E70BAC /* Build configuration list for PBXNativeTarget "segueUITests" */;
			buildPhases = (
				BD3516D328983FE500E70BAC /* Sources */,
				BD3516D428983FE500E70BAC /* Frameworks */,
				BD3516D528983FE500E70BAC /* Resources */,
			);
			buildRules = (
			);
			dependencies = (
				BD3516D928983FE500E70BAC /* PBXTargetDependency */,
			);
			name = segueUITests;
			productName = segueUITests;
			productReference = BD3516D728983FE500E70BAC /* segueUITests.xctest */;
			productType = "com.apple.product-type.bundle.ui-testing";
		};
/* End PBXNativeTarget section */

/* Begin PBXProject section */
		BD3516AF28983FE100E70BAC /* Project object */ = {
			isa = PBXProject;
			attributes = {
				BuildIndependentTargetsInParallel = 1;
				LastSwiftUpdateCheck = 1340;
				LastUpgradeCheck = 1340;
				TargetAttributes = {
					BD3516B628983FE100E70BAC = {
						CreatedOnToolsVersion = 13.4;
					};
					BD3516CC28983FE500E70BAC = {
						CreatedOnToolsVersion = 13.4;
						TestTargetID = BD3516B628983FE100E70BAC;
					};
					BD3516D628983FE500E70BAC = {
						CreatedOnToolsVersion = 13.4;
						TestTargetID = BD3516B628983FE100E70BAC;
					};
				};
			};
			buildConfigurationList = BD3516B228983FE100E70BAC /* Build configuration list for PBXProject "segue" */;
			compatibilityVersion = "Xcode 13.0";
			developmentRegion = en;
			hasScannedForEncodings = 0;
			knownRegions = (
				en,
				Base,
			);
			mainGroup = BD3516AE28983FE100E70BAC;
			productRefGroup = BD3516B828983FE100E70BAC /* Products */;
			projectDirPath = "";
			projectRoot = "";
			targets = (
				BD3516B628983FE100E70BAC /* segue */,
				BD3516CC28983FE500E70BAC /* segueTests */,
				BD3516D628983FE500E70BAC /* segueUITests */,
			);
		};
/* End PBXProject section */

/* Begin PBXResourcesBuildPhase section */
		BD3516B528983FE100E70BAC /* Resources */ = {
			isa = PBXResourcesBuildPhase;
			buildActionMask = 2147483647;
			files = (
				BD3516C728983FE500E70BAC /* LaunchScreen.storyboard in Resources */,
				BD3516C428983FE500E70BAC /* Assets.xcassets in Resources */,
				BD3516C228983FE100E70BAC /* Main.storyboard in Resources */,
			);
			runOnlyForDeploymentPostprocessing = 0;
		};
		BD3516CB28983FE500E70BAC /* Resources */ = {
			isa = PBXResourcesBuildPhase;
			buildActionMask = 2147483647;
			files = (
			);
			runOnlyForDeploymentPostprocessing = 0;
		};
		BD3516D528983FE500E70BAC /* Resources */ = {
			isa = PBXResourcesBuildPhase;
			buildActionMask = 2147483647;
			files = (
			);
			runOnlyForDeploymentPostprocessing = 0;
		};
/* End PBXResourcesBuildPhase section */

/* Begin PBXSourcesBuildPhase section */
		BD3516B328983FE100E70BAC /* Sources */ = {
			isa = PBXSourcesBuildPhase;
			buildActionMask = 2147483647;
			files = (
				BDAD5A6F28989295009F7F23 /* SecondViewController.swift in Sources */,
				BD3516BF28983FE100E70BAC /* ViewController.swift in Sources */,
				BDAD5A732898979B009F7F23 /* correctFile.swift in Sources */,
				BD3516BB28983FE100E70BAC /* AppDelegate.swift in Sources */,
				BD3516BD28983FE100E70BAC /* SceneDelegate.swift in Sources */,
				BDAD5A7128989443009F7F23 /* 3rdViewController.swift in Sources */,
			);
			runOnlyForDeploymentPostprocessing = 0;
		};
		BD3516C928983FE500E70BAC /* Sources */ = {
			isa = PBXSourcesBuildPhase;
			buildActionMask = 2147483647;
			files = (
				BD3516D228983FE500E70BAC /* segueTests.swift in Sources */,
			);
			runOnlyForDeploymentPostprocessing = 0;
		};
		BD3516D328983FE500E70BAC /* Sources */ = {
			isa = PBXSourcesBuildPhase;
			buildActionMask = 2147483647;
			files = (
				BD3516DE28983FE500E70BAC /* segueUITestsLaunchTests.swift in Sources */,
				BD3516DC28983FE500E70BAC /* segueUITests.swift in Sources */,
			);
			runOnlyForDeploymentPostprocessing = 0;
		};
/* End PBXSourcesBuildPhase section */

/* Begin PBXTargetDependency section */
		BD3516CF28983FE500E70BAC /* PBXTargetDependency */ = {
			isa = PBXTargetDependency;
			target = BD3516B628983FE100E70BAC /* segue */;
			targetProxy = BD3516CE28983FE500E70BAC /* PBXContainerItemProxy */;
		};
		BD3516D928983FE500E70BAC /* PBXTargetDependency */ = {
			isa = PBXTargetDependency;
			target = BD3516B628983FE100E70BAC /* segue */;
			targetProxy = BD3516D828983FE500E70BAC /* PBXContainerItemProxy */;
		};
/* End PBXTargetDependency section */

/* Begin PBXVariantGroup section */
		BD3516C028983FE100E70BAC /* Main.storyboard */ = {
			isa = PBXVariantGroup;
			children = (
				BD3516C128983FE100E70BAC /* Base */,
			);
			name = Main.storyboard;
			sourceTree = "<group>";
		};
		BD3516C528983FE500E70BAC /* LaunchScreen.storyboard */ = {
			isa = PBXVariantGroup;
			children = (
				BD3516C628983FE500E70BAC /* Base */,
			);
			name = LaunchScreen.storyboard;
			sourceTree = "<group>";
		};
/* End PBXVariantGroup section */

/* Begin XCBuildConfiguration section */
		BD3516DF28983FE500E70BAC /* Debug */ = {
			isa = XCBuildConfiguration;
			buildSettings = {
				ALWAYS_SEARCH_USER_PATHS = NO;
				CLANG_ANALYZER_NONNULL = YES;
				CLANG_ANALYZER_NUMBER_OBJECT_CONVERSION = YES_AGGRESSIVE;
				CLANG_CXX_LANGUAGE_STANDARD = "gnu++17";
				CLANG_ENABLE_MODULES = YES;
				CLANG_ENABLE_OBJC_ARC = YES;
				CLANG_ENABLE_OBJC_WEAK = YES;
				CLANG_WARN_BLOCK_CAPTURE_AUTORELEASING = YES;
				CLANG_WARN_BOOL_CONVERSION = YES;
				CLANG_WARN_COMMA = YES;
				CLANG_WARN_CONSTANT_CONVERSION = YES;
				CLANG_WARN_DEPRECATED_OBJC_IMPLEMENTATIONS = YES;
				CLANG_WARN_DIRECT_OBJC_ISA_USAGE = YES_ERROR;
				CLANG_WARN_DOCUMENTATION_COMMENTS = YES;
				CLANG_WARN_EMPTY_BODY = YES;
				CLANG_WARN_ENUM_CONVERSION = YES;
				CLANG_WARN_INFINITE_RECURSION = YES;
				CLANG_WARN_INT_CONVERSION = YES;
				CLANG_WARN_NON_LITERAL_NULL_CONVERSION = YES;
				CLANG_WARN_OBJC_IMPLICIT_RETAIN_SELF = YES;
				CLANG_WARN_OBJC_LITERAL_CONVERSION = YES;
				CLANG_WARN_OBJC_ROOT_CLASS = YES_ERROR;
				CLANG_WARN_QUOTED_INCLUDE_IN_FRAMEWORK_HEADER = YES;
				CLANG_WARN_RANGE_LOOP_ANALYSIS = YES;
				CLANG_WARN_STRICT_PROTOTYPES = YES;
				CLANG_WARN_SUSPICIOUS_MOVE = YES;
				CLANG_WARN_UNGUARDED_AVAILABILITY = YES_AGGRESSIVE;
				CLANG_WARN_UNREACHABLE_CODE = YES;
				CLANG_WARN__DUPLICATE_METHOD_MATCH = YES;
				COPY_PHASE_STRIP = NO;
				DEBUG_INFORMATION_FORMAT = dwarf;
				ENABLE_STRICT_OBJC_MSGSEND = YES;
				ENABLE_TESTABILITY = YES;
				GCC_C_LANGUAGE_STANDARD = gnu11;
				GCC_DYNAMIC_NO_PIC = NO;
				GCC_NO_COMMON_BLOCKS = YES;
				GCC_OPTIMIZATION_LEVEL = 0;
				GCC_PREPROCESSOR_DEFINITIONS = (
					"DEBUG=1",
					"$(inherited)",
				);
				GCC_WARN_64_TO_32_BIT_CONVERSION = YES;
				GCC_WARN_ABOUT_RETURN_TYPE = YES_ERROR;
				GCC_WARN_UNDECLARED_SELECTOR = YES;
				GCC_WARN_UNINITIALIZED_AUTOS = YES_AGGRESSIVE;
				GCC_WARN_UNUSED_FUNCTION = YES;
				GCC_WARN_UNUSED_VARIABLE = YES;
				IPHONEOS_DEPLOYMENT_TARGET = 15.5;
				MTL_ENABLE_DEBUG_INFO = INCLUDE_SOURCE;
				MTL_FAST_MATH = YES;
				ONLY_ACTIVE_ARCH = YES;
				SDKROOT = iphoneos;
				SWIFT_ACTIVE_COMPILATION_CONDITIONS = DEBUG;
				SWIFT_OPTIMIZATION_LEVEL = "-Onone";
			};
			name = Debug;
		};
		BD3516E028983FE500E70BAC /* Release */ = {
			isa = XCBuildConfiguration;
			buildSettings = {
				ALWAYS_SEARCH_USER_PATHS = NO;
				CLANG_ANALYZER_NONNULL = YES;
				CLANG_ANALYZER_NUMBER_OBJECT_CONVERSION = YES_AGGRESSIVE;
				CLANG_CXX_LANGUAGE_STANDARD = "gnu++17";
				CLANG_ENABLE_MODULES = YES;
				CLANG_ENABLE_OBJC_ARC = YES;
				CLANG_ENABLE_OBJC_WEAK = YES;
				CLANG_WARN_BLOCK_CAPTURE_AUTORELEASING = YES;
				CLANG_WARN_BOOL_CONVERSION = YES;
				CLANG_WARN_COMMA = YES;
				CLANG_WARN_CONSTANT_CONVERSION = YES;
				CLANG_WARN_DEPRECATED_OBJC_IMPLEMENTATIONS = YES;
				CLANG_WARN_DIRECT_OBJC_ISA_USAGE = YES_ERROR;
				CLANG_WARN_DOCUMENTATION_COMMENTS = YES;
				CLANG_WARN_EMPTY_BODY = YES;
				CLANG_WARN_ENUM_CONVERSION = YES;
				CLANG_WARN_INFINITE_RECURSION = YES;
				CLANG_WARN_INT_CONVERSION = YES;
				CLANG_WARN_NON_LITERAL_NULL_CONVERSION = YES;
				CLANG_WARN_OBJC_IMPLICIT_RETAIN_SELF = YES;
				CLANG_WARN_OBJC_LITERAL_CONVERSION = YES;
				CLANG_WARN_OBJC_ROOT_CLASS = YES_ERROR;
				CLANG_WARN_QUOTED_INCLUDE_IN_FRAMEWORK_HEADER = YES;
				CLANG_WARN_RANGE_LOOP_ANALYSIS = YES;
				CLANG_WARN_STRICT_PROTOTYPES = YES;
				CLANG_WARN_SUSPICIOUS_MOVE = YES;
				CLANG_WARN_UNGUARDED_AVAILABILITY = YES_AGGRESSIVE;
				CLANG_WARN_UNREACHABLE_CODE = YES;
				CLANG_WARN__DUPLICATE_METHOD_MATCH = YES;
				COPY_PHASE_STRIP = NO;
				DEBUG_INFORMATION_FORMAT = "dwarf-with-dsym";
				ENABLE_NS_ASSERTIONS = NO;
				ENABLE_STRICT_OBJC_MSGSEND = YES;
				GCC_C_LANGUAGE_STANDARD = gnu11;
				GCC_NO_COMMON_BLOCKS = YES;
				GCC_WARN_64_TO_32_BIT_CONVERSION = YES;
				GCC_WARN_ABOUT_RETURN_TYPE = YES_ERROR;
				GCC_WARN_UNDECLARED_SELECTOR = YES;
				GCC_WARN_UNINITIALIZED_AUTOS = YES_AGGRESSIVE;
				GCC_WARN_UNUSED_FUNCTION = YES;
				GCC_WARN_UNUSED_VARIABLE = YES;
				IPHONEOS_DEPLOYMENT_TARGET = 15.5;
				MTL_ENABLE_DEBUG_INFO = NO;
				MTL_FAST_MATH = YES;
				SDKROOT = iphoneos;
				SWIFT_COMPILATION_MODE = wholemodule;
				SWIFT_OPTIMIZATION_LEVEL = "-O";
				VALIDATE_PRODUCT = YES;
			};
			name = Release;
		};
		BD3516E228983FE500E70BAC /* Debug */ = {
			isa = XCBuildConfiguration;
			buildSettings = {
				ASSETCATALOG_COMPILER_APPICON_NAME = AppIcon;
				ASSETCATALOG_COMPILER_GLOBAL_ACCENT_COLOR_NAME = AccentColor;
				CODE_SIGN_STYLE = Automatic;
				CURRENT_PROJECT_VERSION = 1;
				GENERATE_INFOPLIST_FILE = YES;
				INFOPLIST_FILE = segue/Info.plist;
				INFOPLIST_KEY_UIApplicationSupportsIndirectInputEvents = YES;
				INFOPLIST_KEY_UILaunchStoryboardName = LaunchScreen;
				INFOPLIST_KEY_UIMainStoryboardFile = Main;
				INFOPLIST_KEY_UISupportedInterfaceOrientations_iPad = "UIInterfaceOrientationPortrait UIInterfaceOrientationPortraitUpsideDown UIInterfaceOrientationLandscapeLeft UIInterfaceOrientationLandscapeRight";
				INFOPLIST_KEY_UISupportedInterfaceOrientations_iPhone = "UIInterfaceOrientationPortrait UIInterfaceOrientationLandscapeLeft UIInterfaceOrientationLandscapeRight";
				LD_RUNPATH_SEARCH_PATHS = (
					"$(inherited)",
					"@executable_path/Frameworks",
				);
				MARKETING_VERSION = 1.0;
				PRODUCT_BUNDLE_IDENTIFIER = KWK.segue;
				PRODUCT_NAME = "$(TARGET_NAME)";
				SWIFT_EMIT_LOC_STRINGS = YES;
				SWIFT_VERSION = 5.0;
				TARGETED_DEVICE_FAMILY = "1,2";
			};
			name = Debug;
		};
		BD3516E328983FE500E70BAC /* Release */ = {
			isa = XCBuildConfiguration;
			buildSettings = {
				ASSETCATALOG_COMPILER_APPICON_NAME = AppIcon;
				ASSETCATALOG_COMPILER_GLOBAL_ACCENT_COLOR_NAME = AccentColor;
				CODE_SIGN_STYLE = Automatic;
				CURRENT_PROJECT_VERSION = 1;
				GENERATE_INFOPLIST_FILE = YES;
				INFOPLIST_FILE = segue/Info.plist;
				INFOPLIST_KEY_UIApplicationSupportsIndirectInputEvents = YES;
				INFOPLIST_KEY_UILaunchStoryboardName = LaunchScreen;
				INFOPLIST_KEY_UIMainStoryboardFile = Main;
				INFOPLIST_KEY_UISupportedInterfaceOrientations_iPad = "UIInterfaceOrientationPortrait UIInterfaceOrientationPortraitUpsideDown UIInterfaceOrientationLandscapeLeft UIInterfaceOrientationLandscapeRight";
				INFOPLIST_KEY_UISupportedInterfaceOrientations_iPhone = "UIInterfaceOrientationPortrait UIInterfaceOrientationLandscapeLeft UIInterfaceOrientationLandscapeRight";
				LD_RUNPATH_SEARCH_PATHS = (
					"$(inherited)",
					"@executable_path/Frameworks",
				);
				MARKETING_VERSION = 1.0;
				PRODUCT_BUNDLE_IDENTIFIER = KWK.segue;
				PRODUCT_NAME = "$(TARGET_NAME)";
				SWIFT_EMIT_LOC_STRINGS = YES;
				SWIFT_VERSION = 5.0;
				TARGETED_DEVICE_FAMILY = "1,2";
			};
			name = Release;
		};
		BD3516E528983FE500E70BAC /* Debug */ = {
			isa = XCBuildConfiguration;
			buildSettings = {
				ALWAYS_EMBED_SWIFT_STANDARD_LIBRARIES = YES;
				BUNDLE_LOADER = "$(TEST_HOST)";
				CODE_SIGN_STYLE = Automatic;
				CURRENT_PROJECT_VERSION = 1;
				GENERATE_INFOPLIST_FILE = YES;
				IPHONEOS_DEPLOYMENT_TARGET = 15.5;
				MARKETING_VERSION = 1.0;
				PRODUCT_BUNDLE_IDENTIFIER = KWK.segueTests;
				PRODUCT_NAME = "$(TARGET_NAME)";
				SWIFT_EMIT_LOC_STRINGS = NO;
				SWIFT_VERSION = 5.0;
				TARGETED_DEVICE_FAMILY = "1,2";
				TEST_HOST = "$(BUILT_PRODUCTS_DIR)/segue.app/segue";
			};
			name = Debug;
		};
		BD3516E628983FE500E70BAC /* Release */ = {
			isa = XCBuildConfiguration;
			buildSettings = {
				ALWAYS_EMBED_SWIFT_STANDARD_LIBRARIES = YES;
				BUNDLE_LOADER = "$(TEST_HOST)";
				CODE_SIGN_STYLE = Automatic;
				CURRENT_PROJECT_VERSION = 1;
				GENERATE_INFOPLIST_FILE = YES;
				IPHONEOS_DEPLOYMENT_TARGET = 15.5;
				MARKETING_VERSION = 1.0;
				PRODUCT_BUNDLE_IDENTIFIER = KWK.segueTests;
				PRODUCT_NAME = "$(TARGET_NAME)";
				SWIFT_EMIT_LOC_STRINGS = NO;
				SWIFT_VERSION = 5.0;
				TARGETED_DEVICE_FAMILY = "1,2";
				TEST_HOST = "$(BUILT_PRODUCTS_DIR)/segue.app/segue";
			};
			name = Release;
		};
		BD3516E828983FE500E70BAC /* Debug */ = {
			isa = XCBuildConfiguration;
			buildSettings = {
				ALWAYS_EMBED_SWIFT_STANDARD_LIBRARIES = YES;
				CODE_SIGN_STYLE = Automatic;
				CURRENT_PROJECT_VERSION = 1;
				GENERATE_INFOPLIST_FILE = YES;
				MARKETING_VERSION = 1.0;
				PRODUCT_BUNDLE_IDENTIFIER = KWK.segueUITests;
				PRODUCT_NAME = "$(TARGET_NAME)";
				SWIFT_EMIT_LOC_STRINGS = NO;
				SWIFT_VERSION = 5.0;
				TARGETED_DEVICE_FAMILY = "1,2";
				TEST_TARGET_NAME = segue;
			};
			name = Debug;
		};
		BD3516E928983FE500E70BAC /* Release */ = {
			isa = XCBuildConfiguration;
			buildSettings = {
				ALWAYS_EMBED_SWIFT_STANDARD_LIBRARIES = YES;
				CODE_SIGN_STYLE = Automatic;
				CURRENT_PROJECT_VERSION = 1;
				GENERATE_INFOPLIST_FILE = YES;
				MARKETING_VERSION = 1.0;
				PRODUCT_BUNDLE_IDENTIFIER = KWK.segueUITests;
				PRODUCT_NAME = "$(TARGET_NAME)";
				SWIFT_EMIT_LOC_STRINGS = NO;
				SWIFT_VERSION = 5.0;
				TARGETED_DEVICE_FAMILY = "1,2";
				TEST_TARGET_NAME = segue;
			};
			name = Release;
		};
/* End XCBuildConfiguration section */

/* Begin XCConfigurationList section */
		BD3516B228983FE100E70BAC /* Build configuration list for PBXProject "segue" */ = {
			isa = XCConfigurationList;
			buildConfigurations = (
				BD3516DF28983FE500E70BAC /* Debug */,
				BD3516E028983FE500E70BAC /* Release */,
			);
			defaultConfigurationIsVisible = 0;
			defaultConfigurationName = Release;
		};
		BD3516E128983FE500E70BAC /* Build configuration list for PBXNativeTarget "segue" */ = {
			isa = XCConfigurationList;
			buildConfigurations = (
				BD3516E228983FE500E70BAC /* Debug */,
				BD3516E328983FE500E70BAC /* Release */,
			);
			defaultConfigurationIsVisible = 0;
			defaultConfigurationName = Release;
		};
		BD3516E428983FE500E70BAC /* Build configuration list for PBXNativeTarget "segueTests" */ = {
			isa = XCConfigurationList;
			buildConfigurations = (
				BD3516E528983FE500E70BAC /* Debug */,
				BD3516E628983FE500E70BAC /* Release */,
			);
			defaultConfigurationIsVisible = 0;
			defaultConfigurationName = Release;
		};
		BD3516E728983FE500E70BAC /* Build configuration list for PBXNativeTarget "segueUITests" */ = {
			isa = XCConfigurationList;
			buildConfigurations = (
				BD3516E828983FE500E70BAC /* Debug */,
				BD3516E928983FE500E70BAC /* Release */,
			);
			defaultConfigurationIsVisible = 0;
			defaultConfigurationName = Release;
		};
/* End XCConfigurationList section */
	};
	rootObject = BD3516AF28983FE100E70BAC /* Project object */;
}
